// !$*UTF8*$!
{
	archiveVersion = 1;
	classes = {
	};
	objectVersion = 52;
	objects = {

/* Begin PBXBuildFile section */
		41441BD92556CCF300F6B430 /* TemplateAppSwiftApp.swift in Sources */ = {isa = PBXBuildFile; fileRef = 41441BD82556CCF300F6B430 /* TemplateAppSwiftApp.swift */; };
		41441BDB2556CCF300F6B430 /* ContentView.swift in Sources */ = {isa = PBXBuildFile; fileRef = 41441BDA2556CCF300F6B430 /* ContentView.swift */; };
		41441BDD2556CCF400F6B430 /* Assets.xcassets in Resources */ = {isa = PBXBuildFile; fileRef = 41441BDC2556CCF400F6B430 /* Assets.xcassets */; };
		41441BE02556CCF400F6B430 /* Preview Assets.xcassets in Resources */ = {isa = PBXBuildFile; fileRef = 41441BDF2556CCF400F6B430 /* Preview Assets.xcassets */; };
		41441BEB2556CCF400F6B430 /* TemplateAppSwiftTests.swift in Sources */ = {isa = PBXBuildFile; fileRef = 41441BEA2556CCF400F6B430 /* TemplateAppSwiftTests.swift */; };
		41441BF62556CCF400F6B430 /* TemplateAppSwiftUITests.swift in Sources */ = {isa = PBXBuildFile; fileRef = 41441BF52556CCF400F6B430 /* TemplateAppSwiftUITests.swift */; };
		41441C082556CD1100F6B430 /* SwiftUIFlux in Frameworks */ = {isa = PBXBuildFile; productRef = 41441C072556CD1100F6B430 /* SwiftUIFlux */; };
		41441C3C2556CF2500F6B430 /* FjallaOne-Regular.ttf in Resources */ = {isa = PBXBuildFile; fileRef = 41441C142556CF2400F6B430 /* FjallaOne-Regular.ttf */; };
		41441C3D2556CF2500F6B430 /* American Captain.otf in Resources */ = {isa = PBXBuildFile; fileRef = 41441C152556CF2400F6B430 /* American Captain.otf */; };
		41441C3E2556CF2500F6B430 /* FHACondFrenchNC.otf in Resources */ = {isa = PBXBuildFile; fileRef = 41441C162556CF2400F6B430 /* FHACondFrenchNC.otf */; };
		41441C3F2556CF2500F6B430 /* MoviesMenu.swift in Sources */ = {isa = PBXBuildFile; fileRef = 41441C182556CF2400F6B430 /* MoviesMenu.swift */; };
		41441C402556CF2500F6B430 /* PosterStyle.swift in Sources */ = {isa = PBXBuildFile; fileRef = 41441C1A2556CF2400F6B430 /* PosterStyle.swift */; };
		41441C412556CF2500F6B430 /* MoviePosterImage.swift in Sources */ = {isa = PBXBuildFile; fileRef = 41441C1B2556CF2500F6B430 /* MoviePosterImage.swift */; };
		41441C422556CF2500F6B430 /* LoggingMiddleware.swift in Sources */ = {isa = PBXBuildFile; fileRef = 41441C1E2556CF2500F6B430 /* LoggingMiddleware.swift */; };
		41441C432556CF2500F6B430 /* MovieUserMeta.swift in Sources */ = {isa = PBXBuildFile; fileRef = 41441C202556CF2500F6B430 /* MovieUserMeta.swift */; };
		41441C442556CF2500F6B430 /* Review.swift in Sources */ = {isa = PBXBuildFile; fileRef = 41441C212556CF2500F6B430 /* Review.swift */; };
		41441C452556CF2500F6B430 /* Movie.swift in Sources */ = {isa = PBXBuildFile; fileRef = 41441C222556CF2500F6B430 /* Movie.swift */; };
		41441C462556CF2500F6B430 /* Genre.swift in Sources */ = {isa = PBXBuildFile; fileRef = 41441C232556CF2500F6B430 /* Genre.swift */; };
		41441C472556CF2500F6B430 /* Image.swift in Sources */ = {isa = PBXBuildFile; fileRef = 41441C242556CF2500F6B430 /* Image.swift */; };
		41441C482556CF2500F6B430 /* CastResponse.swift in Sources */ = {isa = PBXBuildFile; fileRef = 41441C252556CF2500F6B430 /* CastResponse.swift */; };
		41441C492556CF2500F6B430 /* CustomList.swift in Sources */ = {isa = PBXBuildFile; fileRef = 41441C262556CF2500F6B430 /* CustomList.swift */; };
		41441C4A2556CF2500F6B430 /* People.swift in Sources */ = {isa = PBXBuildFile; fileRef = 41441C272556CF2500F6B430 /* People.swift */; };
		41441C4B2556CF2500F6B430 /* Video.swift in Sources */ = {isa = PBXBuildFile; fileRef = 41441C282556CF2500F6B430 /* Video.swift */; };
		41441C4C2556CF2500F6B430 /* DiscoverFilter.swift in Sources */ = {isa = PBXBuildFile; fileRef = 41441C292556CF2500F6B430 /* DiscoverFilter.swift */; };
		41441C4D2556CF2500F6B430 /* Keyword.swift in Sources */ = {isa = PBXBuildFile; fileRef = 41441C2A2556CF2500F6B430 /* Keyword.swift */; };
		41441C4E2556CF2500F6B430 /* PaginatedResponse.swift in Sources */ = {isa = PBXBuildFile; fileRef = 41441C2B2556CF2500F6B430 /* PaginatedResponse.swift */; };
		41441C4F2556CF2500F6B430 /* AppState.swift in Sources */ = {isa = PBXBuildFile; fileRef = 41441C2D2556CF2500F6B430 /* AppState.swift */; };
		41441C502556CF2500F6B430 /* MoviesState.swift in Sources */ = {isa = PBXBuildFile; fileRef = 41441C2E2556CF2500F6B430 /* MoviesState.swift */; };
		41441C512556CF2500F6B430 /* PeoplesState.swift in Sources */ = {isa = PBXBuildFile; fileRef = 41441C2F2556CF2500F6B430 /* PeoplesState.swift */; };
		41441C522556CF2500F6B430 /* MoviesActions.swift in Sources */ = {isa = PBXBuildFile; fileRef = 41441C312556CF2500F6B430 /* MoviesActions.swift */; };
		41441C532556CF2500F6B430 /* PeopleActions.swift in Sources */ = {isa = PBXBuildFile; fileRef = 41441C322556CF2500F6B430 /* PeopleActions.swift */; };
		41441C542556CF2500F6B430 /* AppReducer.swift in Sources */ = {isa = PBXBuildFile; fileRef = 41441C342556CF2500F6B430 /* AppReducer.swift */; };
		41441C552556CF2500F6B430 /* PeopleReducer.swift in Sources */ = {isa = PBXBuildFile; fileRef = 41441C352556CF2500F6B430 /* PeopleReducer.swift */; };
		41441C562556CF2500F6B430 /* MoviesReducer.swift in Sources */ = {isa = PBXBuildFile; fileRef = 41441C362556CF2500F6B430 /* MoviesReducer.swift */; };
		41441C572556CF2500F6B430 /* Collection.swift in Sources */ = {isa = PBXBuildFile; fileRef = 41441C382556CF2500F6B430 /* Collection.swift */; };
		41441C582556CF2500F6B430 /* ActionSheet.swift in Sources */ = {isa = PBXBuildFile; fileRef = 41441C392556CF2500F6B430 /* ActionSheet.swift */; };
		41441C592556CF2500F6B430 /* Font.swift in Sources */ = {isa = PBXBuildFile; fileRef = 41441C3A2556CF2500F6B430 /* Font.swift */; };
		41441C5A2556CF2500F6B430 /* Color.swift in Sources */ = {isa = PBXBuildFile; fileRef = 41441C3B2556CF2500F6B430 /* Color.swift */; };
		41441C622556D1FC00F6B430 /* HomeView.swift in Sources */ = {isa = PBXBuildFile; fileRef = 41441C5E2556D1FC00F6B430 /* HomeView.swift */; };
		41441C632556D1FC00F6B430 /* CommunityView.swift in Sources */ = {isa = PBXBuildFile; fileRef = 41441C5F2556D1FC00F6B430 /* CommunityView.swift */; };
		41441C642556D1FC00F6B430 /* TabbarView.swift in Sources */ = {isa = PBXBuildFile; fileRef = 41441C602556D1FC00F6B430 /* TabbarView.swift */; };
		41441C652556D1FC00F6B430 /* DiscoverView.swift in Sources */ = {isa = PBXBuildFile; fileRef = 41441C612556D1FC00F6B430 /* DiscoverView.swift */; };
		41441C6A2556D3FD00F6B430 /* Mine.swift in Sources */ = {isa = PBXBuildFile; fileRef = 41441C692556D3FD00F6B430 /* Mine.swift */; };
		41441C702556D42B00F6B430 /* Backend in Frameworks */ = {isa = PBXBuildFile; productRef = 41441C6F2556D42B00F6B430 /* Backend */; };
		41441C722556D42F00F6B430 /* UI in Frameworks */ = {isa = PBXBuildFile; productRef = 41441C712556D42F00F6B430 /* UI */; };
		41441C772556D6CF00F6B430 /* MoviesHome.swift in Sources */ = {isa = PBXBuildFile; fileRef = 41441C762556D6CF00F6B430 /* MoviesHome.swift */; };
		41441C7F2556D90B00F6B430 /* ScrollableSelector.swift in Sources */ = {isa = PBXBuildFile; fileRef = 41441C7E2556D90B00F6B430 /* ScrollableSelector.swift */; };
		41441C872556DFE900F6B430 /* MovieContextMenu.swift in Sources */ = {isa = PBXBuildFile; fileRef = 41441C862556DFE900F6B430 /* MovieContextMenu.swift */; };
/* End PBXBuildFile section */

/* Begin PBXContainerItemProxy section */
		41441BE72556CCF400F6B430 /* PBXContainerItemProxy */ = {
			isa = PBXContainerItemProxy;
			containerPortal = 41441BCD2556CCF300F6B430 /* Project object */;
			proxyType = 1;
			remoteGlobalIDString = 41441BD42556CCF300F6B430;
			remoteInfo = TemplateAppSwift;
		};
		41441BF22556CCF400F6B430 /* PBXContainerItemProxy */ = {
			isa = PBXContainerItemProxy;
			containerPortal = 41441BCD2556CCF300F6B430 /* Project object */;
			proxyType = 1;
			remoteGlobalIDString = 41441BD42556CCF300F6B430;
			remoteInfo = TemplateAppSwift;
		};
/* End PBXContainerItemProxy section */

/* Begin PBXFileReference section */
		41441BD52556CCF300F6B430 /* TemplateAppSwift.app */ = {isa = PBXFileReference; explicitFileType = wrapper.application; includeInIndex = 0; path = TemplateAppSwift.app; sourceTree = BUILT_PRODUCTS_DIR; };
		41441BD82556CCF300F6B430 /* TemplateAppSwiftApp.swift */ = {isa = PBXFileReference; lastKnownFileType = sourcecode.swift; path = TemplateAppSwiftApp.swift; sourceTree = "<group>"; };
		41441BDA2556CCF300F6B430 /* ContentView.swift */ = {isa = PBXFileReference; lastKnownFileType = sourcecode.swift; path = ContentView.swift; sourceTree = "<group>"; };
		41441BDC2556CCF400F6B430 /* Assets.xcassets */ = {isa = PBXFileReference; lastKnownFileType = folder.assetcatalog; path = Assets.xcassets; sourceTree = "<group>"; };
		41441BDF2556CCF400F6B430 /* Preview Assets.xcassets */ = {isa = PBXFileReference; lastKnownFileType = folder.assetcatalog; path = "Preview Assets.xcassets"; sourceTree = "<group>"; };
		41441BE12556CCF400F6B430 /* Info.plist */ = {isa = PBXFileReference; lastKnownFileType = text.plist.xml; path = Info.plist; sourceTree = "<group>"; };
		41441BE62556CCF400F6B430 /* TemplateAppSwiftTests.xctest */ = {isa = PBXFileReference; explicitFileType = wrapper.cfbundle; includeInIndex = 0; path = TemplateAppSwiftTests.xctest; sourceTree = BUILT_PRODUCTS_DIR; };
		41441BEA2556CCF400F6B430 /* TemplateAppSwiftTests.swift */ = {isa = PBXFileReference; lastKnownFileType = sourcecode.swift; path = TemplateAppSwiftTests.swift; sourceTree = "<group>"; };
		41441BEC2556CCF400F6B430 /* Info.plist */ = {isa = PBXFileReference; lastKnownFileType = text.plist.xml; path = Info.plist; sourceTree = "<group>"; };
		41441BF12556CCF400F6B430 /* TemplateAppSwiftUITests.xctest */ = {isa = PBXFileReference; explicitFileType = wrapper.cfbundle; includeInIndex = 0; path = TemplateAppSwiftUITests.xctest; sourceTree = BUILT_PRODUCTS_DIR; };
		41441BF52556CCF400F6B430 /* TemplateAppSwiftUITests.swift */ = {isa = PBXFileReference; lastKnownFileType = sourcecode.swift; path = TemplateAppSwiftUITests.swift; sourceTree = "<group>"; };
		41441BF72556CCF400F6B430 /* Info.plist */ = {isa = PBXFileReference; lastKnownFileType = text.plist.xml; path = Info.plist; sourceTree = "<group>"; };
		41441C0D2556CEC800F6B430 /* UI */ = {isa = PBXFileReference; lastKnownFileType = folder; path = UI; sourceTree = "<group>"; };
		41441C0E2556CEC800F6B430 /* Backend */ = {isa = PBXFileReference; lastKnownFileType = folder; path = Backend; sourceTree = "<group>"; };
		41441C142556CF2400F6B430 /* FjallaOne-Regular.ttf */ = {isa = PBXFileReference; lastKnownFileType = file; path = "FjallaOne-Regular.ttf"; sourceTree = "<group>"; };
		41441C152556CF2400F6B430 /* American Captain.otf */ = {isa = PBXFileReference; lastKnownFileType = file; path = "American Captain.otf"; sourceTree = "<group>"; };
		41441C162556CF2400F6B430 /* FHACondFrenchNC.otf */ = {isa = PBXFileReference; lastKnownFileType = file; path = FHACondFrenchNC.otf; sourceTree = "<group>"; };
		41441C182556CF2400F6B430 /* MoviesMenu.swift */ = {isa = PBXFileReference; fileEncoding = 4; lastKnownFileType = sourcecode.swift; path = MoviesMenu.swift; sourceTree = "<group>"; };
		41441C1A2556CF2400F6B430 /* PosterStyle.swift */ = {isa = PBXFileReference; fileEncoding = 4; lastKnownFileType = sourcecode.swift; path = PosterStyle.swift; sourceTree = "<group>"; };
		41441C1B2556CF2500F6B430 /* MoviePosterImage.swift */ = {isa = PBXFileReference; fileEncoding = 4; lastKnownFileType = sourcecode.swift; path = MoviePosterImage.swift; sourceTree = "<group>"; };
		41441C1E2556CF2500F6B430 /* LoggingMiddleware.swift */ = {isa = PBXFileReference; fileEncoding = 4; lastKnownFileType = sourcecode.swift; path = LoggingMiddleware.swift; sourceTree = "<group>"; };
		41441C202556CF2500F6B430 /* MovieUserMeta.swift */ = {isa = PBXFileReference; fileEncoding = 4; lastKnownFileType = sourcecode.swift; path = MovieUserMeta.swift; sourceTree = "<group>"; };
		41441C212556CF2500F6B430 /* Review.swift */ = {isa = PBXFileReference; fileEncoding = 4; lastKnownFileType = sourcecode.swift; path = Review.swift; sourceTree = "<group>"; };
		41441C222556CF2500F6B430 /* Movie.swift */ = {isa = PBXFileReference; fileEncoding = 4; lastKnownFileType = sourcecode.swift; path = Movie.swift; sourceTree = "<group>"; };
		41441C232556CF2500F6B430 /* Genre.swift */ = {isa = PBXFileReference; fileEncoding = 4; lastKnownFileType = sourcecode.swift; path = Genre.swift; sourceTree = "<group>"; };
		41441C242556CF2500F6B430 /* Image.swift */ = {isa = PBXFileReference; fileEncoding = 4; lastKnownFileType = sourcecode.swift; path = Image.swift; sourceTree = "<group>"; };
		41441C252556CF2500F6B430 /* CastResponse.swift */ = {isa = PBXFileReference; fileEncoding = 4; lastKnownFileType = sourcecode.swift; path = CastResponse.swift; sourceTree = "<group>"; };
		41441C262556CF2500F6B430 /* CustomList.swift */ = {isa = PBXFileReference; fileEncoding = 4; lastKnownFileType = sourcecode.swift; path = CustomList.swift; sourceTree = "<group>"; };
		41441C272556CF2500F6B430 /* People.swift */ = {isa = PBXFileReference; fileEncoding = 4; lastKnownFileType = sourcecode.swift; path = People.swift; sourceTree = "<group>"; };
		41441C282556CF2500F6B430 /* Video.swift */ = {isa = PBXFileReference; fileEncoding = 4; lastKnownFileType = sourcecode.swift; path = Video.swift; sourceTree = "<group>"; };
		41441C292556CF2500F6B430 /* DiscoverFilter.swift */ = {isa = PBXFileReference; fileEncoding = 4; lastKnownFileType = sourcecode.swift; path = DiscoverFilter.swift; sourceTree = "<group>"; };
		41441C2A2556CF2500F6B430 /* Keyword.swift */ = {isa = PBXFileReference; fileEncoding = 4; lastKnownFileType = sourcecode.swift; path = Keyword.swift; sourceTree = "<group>"; };
		41441C2B2556CF2500F6B430 /* PaginatedResponse.swift */ = {isa = PBXFileReference; fileEncoding = 4; lastKnownFileType = sourcecode.swift; path = PaginatedResponse.swift; sourceTree = "<group>"; };
		41441C2D2556CF2500F6B430 /* AppState.swift */ = {isa = PBXFileReference; fileEncoding = 4; lastKnownFileType = sourcecode.swift; path = AppState.swift; sourceTree = "<group>"; };
		41441C2E2556CF2500F6B430 /* MoviesState.swift */ = {isa = PBXFileReference; fileEncoding = 4; lastKnownFileType = sourcecode.swift; path = MoviesState.swift; sourceTree = "<group>"; };
		41441C2F2556CF2500F6B430 /* PeoplesState.swift */ = {isa = PBXFileReference; fileEncoding = 4; lastKnownFileType = sourcecode.swift; path = PeoplesState.swift; sourceTree = "<group>"; };
		41441C312556CF2500F6B430 /* MoviesActions.swift */ = {isa = PBXFileReference; fileEncoding = 4; lastKnownFileType = sourcecode.swift; path = MoviesActions.swift; sourceTree = "<group>"; };
		41441C322556CF2500F6B430 /* PeopleActions.swift */ = {isa = PBXFileReference; fileEncoding = 4; lastKnownFileType = sourcecode.swift; path = PeopleActions.swift; sourceTree = "<group>"; };
		41441C342556CF2500F6B430 /* AppReducer.swift */ = {isa = PBXFileReference; fileEncoding = 4; lastKnownFileType = sourcecode.swift; path = AppReducer.swift; sourceTree = "<group>"; };
		41441C352556CF2500F6B430 /* PeopleReducer.swift */ = {isa = PBXFileReference; fileEncoding = 4; lastKnownFileType = sourcecode.swift; path = PeopleReducer.swift; sourceTree = "<group>"; };
		41441C362556CF2500F6B430 /* MoviesReducer.swift */ = {isa = PBXFileReference; fileEncoding = 4; lastKnownFileType = sourcecode.swift; path = MoviesReducer.swift; sourceTree = "<group>"; };
		41441C382556CF2500F6B430 /* Collection.swift */ = {isa = PBXFileReference; fileEncoding = 4; lastKnownFileType = sourcecode.swift; path = Collection.swift; sourceTree = "<group>"; };
		41441C392556CF2500F6B430 /* ActionSheet.swift */ = {isa = PBXFileReference; fileEncoding = 4; lastKnownFileType = sourcecode.swift; path = ActionSheet.swift; sourceTree = "<group>"; };
		41441C3A2556CF2500F6B430 /* Font.swift */ = {isa = PBXFileReference; fileEncoding = 4; lastKnownFileType = sourcecode.swift; path = Font.swift; sourceTree = "<group>"; };
		41441C3B2556CF2500F6B430 /* Color.swift */ = {isa = PBXFileReference; fileEncoding = 4; lastKnownFileType = sourcecode.swift; path = Color.swift; sourceTree = "<group>"; };
		41441C5E2556D1FC00F6B430 /* HomeView.swift */ = {isa = PBXFileReference; fileEncoding = 4; lastKnownFileType = sourcecode.swift; path = HomeView.swift; sourceTree = "<group>"; };
		41441C5F2556D1FC00F6B430 /* CommunityView.swift */ = {isa = PBXFileReference; fileEncoding = 4; lastKnownFileType = sourcecode.swift; path = CommunityView.swift; sourceTree = "<group>"; };
		41441C602556D1FC00F6B430 /* TabbarView.swift */ = {isa = PBXFileReference; fileEncoding = 4; lastKnownFileType = sourcecode.swift; path = TabbarView.swift; sourceTree = "<group>"; };
		41441C612556D1FC00F6B430 /* DiscoverView.swift */ = {isa = PBXFileReference; fileEncoding = 4; lastKnownFileType = sourcecode.swift; path = DiscoverView.swift; sourceTree = "<group>"; };
		41441C692556D3FD00F6B430 /* Mine.swift */ = {isa = PBXFileReference; fileEncoding = 4; lastKnownFileType = sourcecode.swift; path = Mine.swift; sourceTree = "<group>"; };
		41441C762556D6CF00F6B430 /* MoviesHome.swift */ = {isa = PBXFileReference; lastKnownFileType = sourcecode.swift; path = MoviesHome.swift; sourceTree = "<group>"; };
		41441C7E2556D90B00F6B430 /* ScrollableSelector.swift */ = {isa = PBXFileReference; lastKnownFileType = sourcecode.swift; path = ScrollableSelector.swift; sourceTree = "<group>"; };
		41441C862556DFE900F6B430 /* MovieContextMenu.swift */ = {isa = PBXFileReference; lastKnownFileType = sourcecode.swift; path = MovieContextMenu.swift; sourceTree = "<group>"; };
/* End PBXFileReference section */

/* Begin PBXFrameworksBuildPhase section */
		41441BD22556CCF300F6B430 /* Frameworks */ = {
			isa = PBXFrameworksBuildPhase;
			buildActionMask = 2147483647;
			files = (
				41441C082556CD1100F6B430 /* SwiftUIFlux in Frameworks */,
				41441C722556D42F00F6B430 /* UI in Frameworks */,
				41441C702556D42B00F6B430 /* Backend in Frameworks */,
			);
			runOnlyForDeploymentPostprocessing = 0;
		};
		41441BE32556CCF400F6B430 /* Frameworks */ = {
			isa = PBXFrameworksBuildPhase;
			buildActionMask = 2147483647;
			files = (
			);
			runOnlyForDeploymentPostprocessing = 0;
		};
		41441BEE2556CCF400F6B430 /* Frameworks */ = {
			isa = PBXFrameworksBuildPhase;
			buildActionMask = 2147483647;
			files = (
			);
			runOnlyForDeploymentPostprocessing = 0;
		};
/* End PBXFrameworksBuildPhase section */

/* Begin PBXGroup section */
		41441BCC2556CCF300F6B430 = {
			isa = PBXGroup;
			children = (
				41441C122556CEFE00F6B430 /* Shared */,
				41441C0C2556CEA700F6B430 /* Packages */,
				41441BD72556CCF300F6B430 /* TemplateAppSwift */,
				41441BE92556CCF400F6B430 /* TemplateAppSwiftTests */,
				41441BF42556CCF400F6B430 /* TemplateAppSwiftUITests */,
				41441BD62556CCF300F6B430 /* Products */,
				41441C6E2556D42B00F6B430 /* Frameworks */,
			);
			sourceTree = "<group>";
		};
		41441BD62556CCF300F6B430 /* Products */ = {
			isa = PBXGroup;
			children = (
				41441BD52556CCF300F6B430 /* TemplateAppSwift.app */,
				41441BE62556CCF400F6B430 /* TemplateAppSwiftTests.xctest */,
				41441BF12556CCF400F6B430 /* TemplateAppSwiftUITests.xctest */,
			);
			name = Products;
			sourceTree = "<group>";
		};
		41441BD72556CCF300F6B430 /* TemplateAppSwift */ = {
			isa = PBXGroup;
			children = (
				41441C7C2556D8E400F6B430 /* shared */,
				41441BD82556CCF300F6B430 /* TemplateAppSwiftApp.swift */,
				41441C5F2556D1FC00F6B430 /* CommunityView.swift */,
				41441C612556D1FC00F6B430 /* DiscoverView.swift */,
				41441C5E2556D1FC00F6B430 /* HomeView.swift */,
				41441C602556D1FC00F6B430 /* TabbarView.swift */,
				41441C692556D3FD00F6B430 /* Mine.swift */,
				41441C762556D6CF00F6B430 /* MoviesHome.swift */,
				41441BDA2556CCF300F6B430 /* ContentView.swift */,
				41441BDC2556CCF400F6B430 /* Assets.xcassets */,
				41441BE12556CCF400F6B430 /* Info.plist */,
				41441BDE2556CCF400F6B430 /* Preview Content */,
			);
			path = TemplateAppSwift;
			sourceTree = "<group>";
		};
		41441BDE2556CCF400F6B430 /* Preview Content */ = {
			isa = PBXGroup;
			children = (
				41441BDF2556CCF400F6B430 /* Preview Assets.xcassets */,
			);
			path = "Preview Content";
			sourceTree = "<group>";
		};
		41441BE92556CCF400F6B430 /* TemplateAppSwiftTests */ = {
			isa = PBXGroup;
			children = (
				41441BEA2556CCF400F6B430 /* TemplateAppSwiftTests.swift */,
				41441BEC2556CCF400F6B430 /* Info.plist */,
			);
			path = TemplateAppSwiftTests;
			sourceTree = "<group>";
		};
		41441BF42556CCF400F6B430 /* TemplateAppSwiftUITests */ = {
			isa = PBXGroup;
			children = (
				41441BF52556CCF400F6B430 /* TemplateAppSwiftUITests.swift */,
				41441BF72556CCF400F6B430 /* Info.plist */,
			);
			path = TemplateAppSwiftUITests;
			sourceTree = "<group>";
		};
		41441C0C2556CEA700F6B430 /* Packages */ = {
			isa = PBXGroup;
			children = (
				41441C0E2556CEC800F6B430 /* Backend */,
				41441C0D2556CEC800F6B430 /* UI */,
			);
			path = Packages;
			sourceTree = "<group>";
		};
		41441C122556CEFE00F6B430 /* Shared */ = {
			isa = PBXGroup;
			children = (
				41441C372556CF2500F6B430 /* extensions */,
				41441C1C2556CF2500F6B430 /* flux */,
				41441C132556CF2400F6B430 /* fonts */,
				41441C172556CF2400F6B430 /* views */,
			);
			path = Shared;
			sourceTree = "<group>";
		};
		41441C132556CF2400F6B430 /* fonts */ = {
			isa = PBXGroup;
			children = (
				41441C142556CF2400F6B430 /* FjallaOne-Regular.ttf */,
				41441C152556CF2400F6B430 /* American Captain.otf */,
				41441C162556CF2400F6B430 /* FHACondFrenchNC.otf */,
			);
			path = fonts;
			sourceTree = "<group>";
		};
		41441C172556CF2400F6B430 /* views */ = {
			isa = PBXGroup;
			children = (
				41441C182556CF2400F6B430 /* MoviesMenu.swift */,
				41441C192556CF2400F6B430 /* modifiers */,
				41441C1B2556CF2500F6B430 /* MoviePosterImage.swift */,
			);
			path = views;
			sourceTree = "<group>";
		};
		41441C192556CF2400F6B430 /* modifiers */ = {
			isa = PBXGroup;
			children = (
				41441C1A2556CF2400F6B430 /* PosterStyle.swift */,
			);
			path = modifiers;
			sourceTree = "<group>";
		};
		41441C1C2556CF2500F6B430 /* flux */ = {
			isa = PBXGroup;
			children = (
				41441C1D2556CF2500F6B430 /* middlewares */,
				41441C1F2556CF2500F6B430 /* models */,
				41441C2C2556CF2500F6B430 /* state */,
				41441C302556CF2500F6B430 /* actions */,
				41441C332556CF2500F6B430 /* reducers */,
			);
			path = flux;
			sourceTree = "<group>";
		};
		41441C1D2556CF2500F6B430 /* middlewares */ = {
			isa = PBXGroup;
			children = (
				41441C1E2556CF2500F6B430 /* LoggingMiddleware.swift */,
			);
			path = middlewares;
			sourceTree = "<group>";
		};
		41441C1F2556CF2500F6B430 /* models */ = {
			isa = PBXGroup;
			children = (
				41441C202556CF2500F6B430 /* MovieUserMeta.swift */,
				41441C212556CF2500F6B430 /* Review.swift */,
				41441C222556CF2500F6B430 /* Movie.swift */,
				41441C232556CF2500F6B430 /* Genre.swift */,
				41441C242556CF2500F6B430 /* Image.swift */,
				41441C252556CF2500F6B430 /* CastResponse.swift */,
				41441C262556CF2500F6B430 /* CustomList.swift */,
				41441C272556CF2500F6B430 /* People.swift */,
				41441C282556CF2500F6B430 /* Video.swift */,
				41441C292556CF2500F6B430 /* DiscoverFilter.swift */,
				41441C2A2556CF2500F6B430 /* Keyword.swift */,
				41441C2B2556CF2500F6B430 /* PaginatedResponse.swift */,
			);
			path = models;
			sourceTree = "<group>";
		};
		41441C2C2556CF2500F6B430 /* state */ = {
			isa = PBXGroup;
			children = (
				41441C2D2556CF2500F6B430 /* AppState.swift */,
				41441C2E2556CF2500F6B430 /* MoviesState.swift */,
				41441C2F2556CF2500F6B430 /* PeoplesState.swift */,
			);
			path = state;
			sourceTree = "<group>";
		};
		41441C302556CF2500F6B430 /* actions */ = {
			isa = PBXGroup;
			children = (
				41441C312556CF2500F6B430 /* MoviesActions.swift */,
				41441C322556CF2500F6B430 /* PeopleActions.swift */,
			);
			path = actions;
			sourceTree = "<group>";
		};
		41441C332556CF2500F6B430 /* reducers */ = {
			isa = PBXGroup;
			children = (
				41441C342556CF2500F6B430 /* AppReducer.swift */,
				41441C352556CF2500F6B430 /* PeopleReducer.swift */,
				41441C362556CF2500F6B430 /* MoviesReducer.swift */,
			);
			path = reducers;
			sourceTree = "<group>";
		};
		41441C372556CF2500F6B430 /* extensions */ = {
			isa = PBXGroup;
			children = (
				41441C382556CF2500F6B430 /* Collection.swift */,
				41441C392556CF2500F6B430 /* ActionSheet.swift */,
				41441C3A2556CF2500F6B430 /* Font.swift */,
				41441C3B2556CF2500F6B430 /* Color.swift */,
			);
			path = extensions;
			sourceTree = "<group>";
		};
		41441C6E2556D42B00F6B430 /* Frameworks */ = {
			isa = PBXGroup;
			children = (
			);
			name = Frameworks;
			sourceTree = "<group>";
		};
		41441C7C2556D8E400F6B430 /* shared */ = {
			isa = PBXGroup;
			children = (
				41441C7D2556D8F700F6B430 /* scollableSelector */,
			);
			path = shared;
			sourceTree = "<group>";
		};
		41441C7D2556D8F700F6B430 /* scollableSelector */ = {
			isa = PBXGroup;
			children = (
				41441C7E2556D90B00F6B430 /* ScrollableSelector.swift */,
				41441C862556DFE900F6B430 /* MovieContextMenu.swift */,
			);
			path = scollableSelector;
			sourceTree = "<group>";
		};
/* End PBXGroup section */

/* Begin PBXNativeTarget section */
		41441BD42556CCF300F6B430 /* TemplateAppSwift */ = {
			isa = PBXNativeTarget;
			buildConfigurationList = 41441BFA2556CCF400F6B430 /* Build configuration list for PBXNativeTarget "TemplateAppSwift" */;
			buildPhases = (
				41441BD12556CCF300F6B430 /* Sources */,
				41441BD22556CCF300F6B430 /* Frameworks */,
				41441BD32556CCF300F6B430 /* Resources */,
			);
			buildRules = (
			);
			dependencies = (
			);
			name = TemplateAppSwift;
			packageProductDependencies = (
				41441C072556CD1100F6B430 /* SwiftUIFlux */,
				41441C6F2556D42B00F6B430 /* Backend */,
				41441C712556D42F00F6B430 /* UI */,
			);
			productName = TemplateAppSwift;
			productReference = 41441BD52556CCF300F6B430 /* TemplateAppSwift.app */;
			productType = "com.apple.product-type.application";
		};
		41441BE52556CCF400F6B430 /* TemplateAppSwiftTests */ = {
			isa = PBXNativeTarget;
			buildConfigurationList = 41441BFD2556CCF400F6B430 /* Build configuration list for PBXNativeTarget "TemplateAppSwiftTests" */;
			buildPhases = (
				41441BE22556CCF400F6B430 /* Sources */,
				41441BE32556CCF400F6B430 /* Frameworks */,
				41441BE42556CCF400F6B430 /* Resources */,
			);
			buildRules = (
			);
			dependencies = (
				41441BE82556CCF400F6B430 /* PBXTargetDependency */,
			);
			name = TemplateAppSwiftTests;
			productName = TemplateAppSwiftTests;
			productReference = 41441BE62556CCF400F6B430 /* TemplateAppSwiftTests.xctest */;
			productType = "com.apple.product-type.bundle.unit-test";
		};
		41441BF02556CCF400F6B430 /* TemplateAppSwiftUITests */ = {
			isa = PBXNativeTarget;
			buildConfigurationList = 41441C002556CCF400F6B430 /* Build configuration list for PBXNativeTarget "TemplateAppSwiftUITests" */;
			buildPhases = (
				41441BED2556CCF400F6B430 /* Sources */,
				41441BEE2556CCF400F6B430 /* Frameworks */,
				41441BEF2556CCF400F6B430 /* Resources */,
			);
			buildRules = (
			);
			dependencies = (
				41441BF32556CCF400F6B430 /* PBXTargetDependency */,
			);
			name = TemplateAppSwiftUITests;
			productName = TemplateAppSwiftUITests;
			productReference = 41441BF12556CCF400F6B430 /* TemplateAppSwiftUITests.xctest */;
			productType = "com.apple.product-type.bundle.ui-testing";
		};
/* End PBXNativeTarget section */

/* Begin PBXProject section */
		41441BCD2556CCF300F6B430 /* Project object */ = {
			isa = PBXProject;
			attributes = {
				LastSwiftUpdateCheck = 1210;
				LastUpgradeCheck = 1210;
				TargetAttributes = {
					41441BD42556CCF300F6B430 = {
						CreatedOnToolsVersion = 12.1;
					};
					41441BE52556CCF400F6B430 = {
						CreatedOnToolsVersion = 12.1;
						TestTargetID = 41441BD42556CCF300F6B430;
					};
					41441BF02556CCF400F6B430 = {
						CreatedOnToolsVersion = 12.1;
						TestTargetID = 41441BD42556CCF300F6B430;
					};
				};
			};
			buildConfigurationList = 41441BD02556CCF300F6B430 /* Build configuration list for PBXProject "TemplateAppSwift" */;
			compatibilityVersion = "Xcode 9.3";
			developmentRegion = en;
			hasScannedForEncodings = 0;
			knownRegions = (
				en,
				Base,
			);
			mainGroup = 41441BCC2556CCF300F6B430;
			packageReferences = (
				41441C062556CD1100F6B430 /* XCRemoteSwiftPackageReference "SwiftUIFlux" */,
			);
			productRefGroup = 41441BD62556CCF300F6B430 /* Products */;
			projectDirPath = "";
			projectRoot = "";
			targets = (
				41441BD42556CCF300F6B430 /* TemplateAppSwift */,
				41441BE52556CCF400F6B430 /* TemplateAppSwiftTests */,
				41441BF02556CCF400F6B430 /* TemplateAppSwiftUITests */,
			);
		};
/* End PBXProject section */

/* Begin PBXResourcesBuildPhase section */
		41441BD32556CCF300F6B430 /* Resources */ = {
			isa = PBXResourcesBuildPhase;
			buildActionMask = 2147483647;
			files = (
				41441C3E2556CF2500F6B430 /* FHACondFrenchNC.otf in Resources */,
				41441BE02556CCF400F6B430 /* Preview Assets.xcassets in Resources */,
				41441BDD2556CCF400F6B430 /* Assets.xcassets in Resources */,
				41441C3C2556CF2500F6B430 /* FjallaOne-Regular.ttf in Resources */,
				41441C3D2556CF2500F6B430 /* American Captain.otf in Resources */,
			);
			runOnlyForDeploymentPostprocessing = 0;
		};
		41441BE42556CCF400F6B430 /* Resources */ = {
			isa = PBXResourcesBuildPhase;
			buildActionMask = 2147483647;
			files = (
			);
			runOnlyForDeploymentPostprocessing = 0;
		};
		41441BEF2556CCF400F6B430 /* Resources */ = {
			isa = PBXResourcesBuildPhase;
			buildActionMask = 2147483647;
			files = (
			);
			runOnlyForDeploymentPostprocessing = 0;
		};
/* End PBXResourcesBuildPhase section */

/* Begin PBXSourcesBuildPhase section */
		41441BD12556CCF300F6B430 /* Sources */ = {
			isa = PBXSourcesBuildPhase;
			buildActionMask = 2147483647;
			files = (
				41441BDB2556CCF300F6B430 /* ContentView.swift in Sources */,
				41441C652556D1FC00F6B430 /* DiscoverView.swift in Sources */,
				41441C7F2556D90B00F6B430 /* ScrollableSelector.swift in Sources */,
				41441C442556CF2500F6B430 /* Review.swift in Sources */,
				41441C6A2556D3FD00F6B430 /* Mine.swift in Sources */,
				41441C4F2556CF2500F6B430 /* AppState.swift in Sources */,
				41441C582556CF2500F6B430 /* ActionSheet.swift in Sources */,
				41441C4E2556CF2500F6B430 /* PaginatedResponse.swift in Sources */,
				41441C452556CF2500F6B430 /* Movie.swift in Sources */,
				41441C872556DFE900F6B430 /* MovieContextMenu.swift in Sources */,
				41441C4D2556CF2500F6B430 /* Keyword.swift in Sources */,
				41441C542556CF2500F6B430 /* AppReducer.swift in Sources */,
				41441C592556CF2500F6B430 /* Font.swift in Sources */,
				41441C482556CF2500F6B430 /* CastResponse.swift in Sources */,
				41441C4C2556CF2500F6B430 /* DiscoverFilter.swift in Sources */,
				41441C4B2556CF2500F6B430 /* Video.swift in Sources */,
				41441C432556CF2500F6B430 /* MovieUserMeta.swift in Sources */,
				41441C772556D6CF00F6B430 /* MoviesHome.swift in Sources */,
				41441C522556CF2500F6B430 /* MoviesActions.swift in Sources */,
				41441C632556D1FC00F6B430 /* CommunityView.swift in Sources */,
				41441C3F2556CF2500F6B430 /* MoviesMenu.swift in Sources */,
				41441C4A2556CF2500F6B430 /* People.swift in Sources */,
				41441C622556D1FC00F6B430 /* HomeView.swift in Sources */,
				41441C502556CF2500F6B430 /* MoviesState.swift in Sources */,
				41441C492556CF2500F6B430 /* CustomList.swift in Sources */,
				41441C402556CF2500F6B430 /* PosterStyle.swift in Sources */,
				41441C422556CF2500F6B430 /* LoggingMiddleware.swift in Sources */,
				41441C572556CF2500F6B430 /* Collection.swift in Sources */,
				41441C552556CF2500F6B430 /* PeopleReducer.swift in Sources */,
				41441C412556CF2500F6B430 /* MoviePosterImage.swift in Sources */,
				41441C5A2556CF2500F6B430 /* Color.swift in Sources */,
				41441BD92556CCF300F6B430 /* TemplateAppSwiftApp.swift in Sources */,
				41441C642556D1FC00F6B430 /* TabbarView.swift in Sources */,
				41441C532556CF2500F6B430 /* PeopleActions.swift in Sources */,
				41441C472556CF2500F6B430 /* Image.swift in Sources */,
				41441C462556CF2500F6B430 /* Genre.swift in Sources */,
				41441C512556CF2500F6B430 /* PeoplesState.swift in Sources */,
				41441C562556CF2500F6B430 /* MoviesReducer.swift in Sources */,
			);
			runOnlyForDeploymentPostprocessing = 0;
		};
		41441BE22556CCF400F6B430 /* Sources */ = {
			isa = PBXSourcesBuildPhase;
			buildActionMask = 2147483647;
			files = (
				41441BEB2556CCF400F6B430 /* TemplateAppSwiftTests.swift in Sources */,
			);
			runOnlyForDeploymentPostprocessing = 0;
		};
		41441BED2556CCF400F6B430 /* Sources */ = {
			isa = PBXSourcesBuildPhase;
			buildActionMask = 2147483647;
			files = (
				41441BF62556CCF400F6B430 /* TemplateAppSwiftUITests.swift in Sources */,
			);
			runOnlyForDeploymentPostprocessing = 0;
		};
/* End PBXSourcesBuildPhase section */

/* Begin PBXTargetDependency section */
		41441BE82556CCF400F6B430 /* PBXTargetDependency */ = {
			isa = PBXTargetDependency;
			target = 41441BD42556CCF300F6B430 /* TemplateAppSwift */;
			targetProxy = 41441BE72556CCF400F6B430 /* PBXContainerItemProxy */;
		};
		41441BF32556CCF400F6B430 /* PBXTargetDependency */ = {
			isa = PBXTargetDependency;
			target = 41441BD42556CCF300F6B430 /* TemplateAppSwift */;
			targetProxy = 41441BF22556CCF400F6B430 /* PBXContainerItemProxy */;
		};
/* End PBXTargetDependency section */

/* Begin XCBuildConfiguration section */
		41441BF82556CCF400F6B430 /* Debug */ = {
			isa = XCBuildConfiguration;
			buildSettings = {
				ALWAYS_SEARCH_USER_PATHS = NO;
				CLANG_ANALYZER_NONNULL = YES;
				CLANG_ANALYZER_NUMBER_OBJECT_CONVERSION = YES_AGGRESSIVE;
				CLANG_CXX_LANGUAGE_STANDARD = "gnu++14";
				CLANG_CXX_LIBRARY = "libc++";
				CLANG_ENABLE_MODULES = YES;
				CLANG_ENABLE_OBJC_ARC = YES;
				CLANG_ENABLE_OBJC_WEAK = YES;
				CLANG_WARN_BLOCK_CAPTURE_AUTORELEASING = YES;
				CLANG_WARN_BOOL_CONVERSION = YES;
				CLANG_WARN_COMMA = YES;
				CLANG_WARN_CONSTANT_CONVERSION = YES;
				CLANG_WARN_DEPRECATED_OBJC_IMPLEMENTATIONS = YES;
				CLANG_WARN_DIRECT_OBJC_ISA_USAGE = YES_ERROR;
				CLANG_WARN_DOCUMENTATION_COMMENTS = YES;
				CLANG_WARN_EMPTY_BODY = YES;
				CLANG_WARN_ENUM_CONVERSION = YES;
				CLANG_WARN_INFINITE_RECURSION = YES;
				CLANG_WARN_INT_CONVERSION = YES;
				CLANG_WARN_NON_LITERAL_NULL_CONVERSION = YES;
				CLANG_WARN_OBJC_IMPLICIT_RETAIN_SELF = YES;
				CLANG_WARN_OBJC_LITERAL_CONVERSION = YES;
				CLANG_WARN_OBJC_ROOT_CLASS = YES_ERROR;
				CLANG_WARN_QUOTED_INCLUDE_IN_FRAMEWORK_HEADER = YES;
				CLANG_WARN_RANGE_LOOP_ANALYSIS = YES;
				CLANG_WARN_STRICT_PROTOTYPES = YES;
				CLANG_WARN_SUSPICIOUS_MOVE = YES;
				CLANG_WARN_UNGUARDED_AVAILABILITY = YES_AGGRESSIVE;
				CLANG_WARN_UNREACHABLE_CODE = YES;
				CLANG_WARN__DUPLICATE_METHOD_MATCH = YES;
				COPY_PHASE_STRIP = NO;
				DEBUG_INFORMATION_FORMAT = dwarf;
				ENABLE_STRICT_OBJC_MSGSEND = YES;
				ENABLE_TESTABILITY = YES;
				GCC_C_LANGUAGE_STANDARD = gnu11;
				GCC_DYNAMIC_NO_PIC = NO;
				GCC_NO_COMMON_BLOCKS = YES;
				GCC_OPTIMIZATION_LEVEL = 0;
				GCC_PREPROCESSOR_DEFINITIONS = (
					"DEBUG=1",
					"$(inherited)",
				);
				GCC_WARN_64_TO_32_BIT_CONVERSION = YES;
				GCC_WARN_ABOUT_RETURN_TYPE = YES_ERROR;
				GCC_WARN_UNDECLARED_SELECTOR = YES;
				GCC_WARN_UNINITIALIZED_AUTOS = YES_AGGRESSIVE;
				GCC_WARN_UNUSED_FUNCTION = YES;
				GCC_WARN_UNUSED_VARIABLE = YES;
				IPHONEOS_DEPLOYMENT_TARGET = 14.1;
				MTL_ENABLE_DEBUG_INFO = INCLUDE_SOURCE;
				MTL_FAST_MATH = YES;
				ONLY_ACTIVE_ARCH = YES;
				SDKROOT = iphoneos;
				SWIFT_ACTIVE_COMPILATION_CONDITIONS = DEBUG;
				SWIFT_OPTIMIZATION_LEVEL = "-Onone";
			};
			name = Debug;
		};
		41441BF92556CCF400F6B430 /* Release */ = {
			isa = XCBuildConfiguration;
			buildSettings = {
				ALWAYS_SEARCH_USER_PATHS = NO;
				CLANG_ANALYZER_NONNULL = YES;
				CLANG_ANALYZER_NUMBER_OBJECT_CONVERSION = YES_AGGRESSIVE;
				CLANG_CXX_LANGUAGE_STANDARD = "gnu++14";
				CLANG_CXX_LIBRARY = "libc++";
				CLANG_ENABLE_MODULES = YES;
				CLANG_ENABLE_OBJC_ARC = YES;
				CLANG_ENABLE_OBJC_WEAK = YES;
				CLANG_WARN_BLOCK_CAPTURE_AUTORELEASING = YES;
				CLANG_WARN_BOOL_CONVERSION = YES;
				CLANG_WARN_COMMA = YES;
				CLANG_WARN_CONSTANT_CONVERSION = YES;
				CLANG_WARN_DEPRECATED_OBJC_IMPLEMENTATIONS = YES;
				CLANG_WARN_DIRECT_OBJC_ISA_USAGE = YES_ERROR;
				CLANG_WARN_DOCUMENTATION_COMMENTS = YES;
				CLANG_WARN_EMPTY_BODY = YES;
				CLANG_WARN_ENUM_CONVERSION = YES;
				CLANG_WARN_INFINITE_RECURSION = YES;
				CLANG_WARN_INT_CONVERSION = YES;
				CLANG_WARN_NON_LITERAL_NULL_CONVERSION = YES;
				CLANG_WARN_OBJC_IMPLICIT_RETAIN_SELF = YES;
				CLANG_WARN_OBJC_LITERAL_CONVERSION = YES;
				CLANG_WARN_OBJC_ROOT_CLASS = YES_ERROR;
				CLANG_WARN_QUOTED_INCLUDE_IN_FRAMEWORK_HEADER = YES;
				CLANG_WARN_RANGE_LOOP_ANALYSIS = YES;
				CLANG_WARN_STRICT_PROTOTYPES = YES;
				CLANG_WARN_SUSPICIOUS_MOVE = YES;
				CLANG_WARN_UNGUARDED_AVAILABILITY = YES_AGGRESSIVE;
				CLANG_WARN_UNREACHABLE_CODE = YES;
				CLANG_WARN__DUPLICATE_METHOD_MATCH = YES;
				COPY_PHASE_STRIP = NO;
				DEBUG_INFORMATION_FORMAT = "dwarf-with-dsym";
				ENABLE_NS_ASSERTIONS = NO;
				ENABLE_STRICT_OBJC_MSGSEND = YES;
				GCC_C_LANGUAGE_STANDARD = gnu11;
				GCC_NO_COMMON_BLOCKS = YES;
				GCC_WARN_64_TO_32_BIT_CONVERSION = YES;
				GCC_WARN_ABOUT_RETURN_TYPE = YES_ERROR;
				GCC_WARN_UNDECLARED_SELECTOR = YES;
				GCC_WARN_UNINITIALIZED_AUTOS = YES_AGGRESSIVE;
				GCC_WARN_UNUSED_FUNCTION = YES;
				GCC_WARN_UNUSED_VARIABLE = YES;
				IPHONEOS_DEPLOYMENT_TARGET = 14.1;
				MTL_ENABLE_DEBUG_INFO = NO;
				MTL_FAST_MATH = YES;
				SDKROOT = iphoneos;
				SWIFT_COMPILATION_MODE = wholemodule;
				SWIFT_OPTIMIZATION_LEVEL = "-O";
				VALIDATE_PRODUCT = YES;
			};
			name = Release;
		};
		41441BFB2556CCF400F6B430 /* Debug */ = {
			isa = XCBuildConfiguration;
			buildSettings = {
				ASSETCATALOG_COMPILER_APPICON_NAME = AppIcon;
				ASSETCATALOG_COMPILER_GLOBAL_ACCENT_COLOR_NAME = AccentColor;
				CODE_SIGN_STYLE = Automatic;
				DEVELOPMENT_ASSET_PATHS = "\"TemplateAppSwift/Preview Content\"";
				DEVELOPMENT_TEAM = 2VXQZZYW38;
				ENABLE_PREVIEWS = YES;
				INFOPLIST_FILE = TemplateAppSwift/Info.plist;
				IPHONEOS_DEPLOYMENT_TARGET = 14.0;
				LD_RUNPATH_SEARCH_PATHS = (
					"$(inherited)",
					"@executable_path/Frameworks",
				);
				PRODUCT_BUNDLE_IDENTIFIER = com.xxx.TemplateAppSwift;
				PRODUCT_NAME = "$(TARGET_NAME)";
				SWIFT_VERSION = 5.0;
				TARGETED_DEVICE_FAMILY = "1,2";
			};
			name = Debug;
		};
		41441BFC2556CCF400F6B430 /* Release */ = {
			isa = XCBuildConfiguration;
			buildSettings = {
				ASSETCATALOG_COMPILER_APPICON_NAME = AppIcon;
				ASSETCATALOG_COMPILER_GLOBAL_ACCENT_COLOR_NAME = AccentColor;
				CODE_SIGN_STYLE = Automatic;
				DEVELOPMENT_ASSET_PATHS = "\"TemplateAppSwift/Preview Content\"";
				DEVELOPMENT_TEAM = 2VXQZZYW38;
				ENABLE_PREVIEWS = YES;
				INFOPLIST_FILE = TemplateAppSwift/Info.plist;
				IPHONEOS_DEPLOYMENT_TARGET = 14.0;
				LD_RUNPATH_SEARCH_PATHS = (
					"$(inherited)",
					"@executable_path/Frameworks",
				);
				PRODUCT_BUNDLE_IDENTIFIER = com.xxx.TemplateAppSwift;
				PRODUCT_NAME = "$(TARGET_NAME)";
				SWIFT_VERSION = 5.0;
				TARGETED_DEVICE_FAMILY = "1,2";
			};
			name = Release;
		};
		41441BFE2556CCF400F6B430 /* Debug */ = {
			isa = XCBuildConfiguration;
			buildSettings = {
				ALWAYS_EMBED_SWIFT_STANDARD_LIBRARIES = YES;
				BUNDLE_LOADER = "$(TEST_HOST)";
				CODE_SIGN_STYLE = Automatic;
				DEVELOPMENT_TEAM = 2VXQZZYW38;
				INFOPLIST_FILE = TemplateAppSwiftTests/Info.plist;
				IPHONEOS_DEPLOYMENT_TARGET = 14.0;
				LD_RUNPATH_SEARCH_PATHS = (
					"$(inherited)",
					"@executable_path/Frameworks",
					"@loader_path/Frameworks",
				);
				PRODUCT_BUNDLE_IDENTIFIER = com.xxx.TemplateAppSwiftTests;
				PRODUCT_NAME = "$(TARGET_NAME)";
				SWIFT_VERSION = 5.0;
				TARGETED_DEVICE_FAMILY = "1,2";
				TEST_HOST = "$(BUILT_PRODUCTS_DIR)/TemplateAppSwift.app/TemplateAppSwift";
			};
			name = Debug;
		};
		41441BFF2556CCF400F6B430 /* Release */ = {
			isa = XCBuildConfiguration;
			buildSettings = {
				ALWAYS_EMBED_SWIFT_STANDARD_LIBRARIES = YES;
				BUNDLE_LOADER = "$(TEST_HOST)";
				CODE_SIGN_STYLE = Automatic;
				DEVELOPMENT_TEAM = 2VXQZZYW38;
				INFOPLIST_FILE = TemplateAppSwiftTests/Info.plist;
				IPHONEOS_DEPLOYMENT_TARGET = 14.0;
				LD_RUNPATH_SEARCH_PATHS = (
					"$(inherited)",
					"@executable_path/Frameworks",
					"@loader_path/Frameworks",
				);
				PRODUCT_BUNDLE_IDENTIFIER = com.xxx.TemplateAppSwiftTests;
				PRODUCT_NAME = "$(TARGET_NAME)";
				SWIFT_VERSION = 5.0;
				TARGETED_DEVICE_FAMILY = "1,2";
				TEST_HOST = "$(BUILT_PRODUCTS_DIR)/TemplateAppSwift.app/TemplateAppSwift";
			};
			name = Release;
		};
		41441C012556CCF400F6B430 /* Debug */ = {
			isa = XCBuildConfiguration;
			buildSettings = {
				ALWAYS_EMBED_SWIFT_STANDARD_LIBRARIES = YES;
				CODE_SIGN_STYLE = Automatic;
				DEVELOPMENT_TEAM = 2VXQZZYW38;
				INFOPLIST_FILE = TemplateAppSwiftUITests/Info.plist;
				LD_RUNPATH_SEARCH_PATHS = (
					"$(inherited)",
					"@executable_path/Frameworks",
					"@loader_path/Frameworks",
				);
				PRODUCT_BUNDLE_IDENTIFIER = com.xxx.TemplateAppSwiftUITests;
				PRODUCT_NAME = "$(TARGET_NAME)";
				SWIFT_VERSION = 5.0;
				TARGETED_DEVICE_FAMILY = "1,2";
				TEST_TARGET_NAME = TemplateAppSwift;
			};
			name = Debug;
		};
		41441C022556CCF400F6B430 /* Release */ = {
			isa = XCBuildConfiguration;
			buildSettings = {
				ALWAYS_EMBED_SWIFT_STANDARD_LIBRARIES = YES;
				CODE_SIGN_STYLE = Automatic;
				DEVELOPMENT_TEAM = 2VXQZZYW38;
				INFOPLIST_FILE = TemplateAppSwiftUITests/Info.plist;
				LD_RUNPATH_SEARCH_PATHS = (
					"$(inherited)",
					"@executable_path/Frameworks",
					"@loader_path/Frameworks",
				);
				PRODUCT_BUNDLE_IDENTIFIER = com.xxx.TemplateAppSwiftUITests;
				PRODUCT_NAME = "$(TARGET_NAME)";
				SWIFT_VERSION = 5.0;
				TARGETED_DEVICE_FAMILY = "1,2";
				TEST_TARGET_NAME = TemplateAppSwift;
			};
			name = Release;
		};
/* End XCBuildConfiguration section */

/* Begin XCConfigurationList section */
		41441BD02556CCF300F6B430 /* Build configuration list for PBXProject "TemplateAppSwift" */ = {
			isa = XCConfigurationList;
			buildConfigurations = (
				41441BF82556CCF400F6B430 /* Debug */,
				41441BF92556CCF400F6B430 /* Release */,
			);
			defaultConfigurationIsVisible = 0;
			defaultConfigurationName = Release;
		};
		41441BFA2556CCF400F6B430 /* Build configuration list for PBXNativeTarget "TemplateAppSwift" */ = {
			isa = XCConfigurationList;
			buildConfigurations = (
				41441BFB2556CCF400F6B430 /* Debug */,
				41441BFC2556CCF400F6B430 /* Release */,
			);
			defaultConfigurationIsVisible = 0;
			defaultConfigurationName = Release;
		};
		41441BFD2556CCF400F6B430 /* Build configuration list for PBXNativeTarget "TemplateAppSwiftTests" */ = {
			isa = XCConfigurationList;
			buildConfigurations = (
				41441BFE2556CCF400F6B430 /* Debug */,
				41441BFF2556CCF400F6B430 /* Release */,
			);
			defaultConfigurationIsVisible = 0;
			defaultConfigurationName = Release;
		};
		41441C002556CCF400F6B430 /* Build configuration list for PBXNativeTarget "TemplateAppSwiftUITests" */ = {
			isa = XCConfigurationList;
			buildConfigurations = (
				41441C012556CCF400F6B430 /* Debug */,
				41441C022556CCF400F6B430 /* Release */,
			);
			defaultConfigurationIsVisible = 0;
			defaultConfigurationName = Release;
		};
/* End XCConfigurationList section */

/* Begin XCRemoteSwiftPackageReference section */
		41441C062556CD1100F6B430 /* XCRemoteSwiftPackageReference "SwiftUIFlux" */ = {
			isa = XCRemoteSwiftPackageReference;
			repositoryURL = "https://github.com/Dimillian/SwiftUIFlux.git";
			requirement = {
				kind = upToNextMajorVersion;
				minimumVersion = 0.5.1;
			};
		};
/* End XCRemoteSwiftPackageReference section */

/* Begin XCSwiftPackageProductDependency section */
		41441C072556CD1100F6B430 /* SwiftUIFlux */ = {
			isa = XCSwiftPackageProductDependency;
			package = 41441C062556CD1100F6B430 /* XCRemoteSwiftPackageReference "SwiftUIFlux" */;
			productName = SwiftUIFlux;
		};
		41441C6F2556D42B00F6B430 /* Backend */ = {
			isa = XCSwiftPackageProductDependency;
			productName = Backend;
		};
		41441C712556D42F00F6B430 /* UI */ = {
			isa = XCSwiftPackageProductDependency;
			productName = UI;
		};
/* End XCSwiftPackageProductDependency section */
	};
	rootObject = 41441BCD2556CCF300F6B430 /* Project object */;
}
